
Microsoft Visual Studio Solution File, Format Version 12.00
# Visual Studio 14
VisualStudioVersion = 14.0.25420.1
MinimumVisualStudioVersion = 10.0.40219.1
Project("{2150E333-8FDC-42A3-9474-1A3956D46DE8}") = "Solution Items", "Solution Items", "{F90E6631-DB1A-4CC1-B648-8FD3EBAED8DE}"
	ProjectSection(SolutionItems) = preProject
		CIJenkinsUpdateScript.ps1 = CIJenkinsUpdateScript.ps1
		Jenkins_Test_Generic_App.config = Jenkins_Test_Generic_App.config
		Local.testsettings = Local.testsettings
		PholioDataVisualisation.vsmdi = PholioDataVisualisation.vsmdi
		TraceAndTestImpact.testsettings = TraceAndTestImpact.testsettings
	EndProjectSection
EndProject
Project("{FAE04EC0-301F-11D3-BF4B-00C04F79EFBC}") = "Services", "Services\Services.csproj", "{7F25ED64-20A5-491A-BA93-04DDDDAD0C4C}"
EndProject
Project("{FAE04EC0-301F-11D3-BF4B-00C04F79EFBC}") = "PholioObjects", "PholioObjects\PholioObjects.csproj", "{AD4A4236-BE35-4B2A-B49D-28D514949984}"
EndProject
Project("{FAE04EC0-301F-11D3-BF4B-00C04F79EFBC}") = "DataAccess", "DataAccess\DataAccess.csproj", "{93FCCE58-31AF-467D-ADC2-3067BEA82E7D}"
EndProject
Project("{FAE04EC0-301F-11D3-BF4B-00C04F79EFBC}") = "DataAccessTest", "DataAccessTest\DataAccessTest.csproj", "{4ACBA1FF-7E2E-460B-95CA-26454A66FA32}"
EndProject
Project("{FAE04EC0-301F-11D3-BF4B-00C04F79EFBC}") = "Analysis", "Analysis\Analysis.csproj", "{6C6F1C27-953F-4B31-8B0B-6A998E57CB68}"
EndProject
Project("{FAE04EC0-301F-11D3-BF4B-00C04F79EFBC}") = "AnalysisTest", "AnalysisTest\AnalysisTest.csproj", "{D6DE7830-CC72-455E-92CD-2AB53BB065FD}"
EndProject
Project("{FAE04EC0-301F-11D3-BF4B-00C04F79EFBC}") = "Formatting", "Formatting\Formatting.csproj", "{EE646860-6872-48B7-B67F-B2D717953139}"
EndProject
Project("{FAE04EC0-301F-11D3-BF4B-00C04F79EFBC}") = "FormattingTest", "FormattingTest\FormattingTest.csproj", "{60937855-2113-4C0D-880B-CA3FB918E3A9}"
EndProject
Project("{FAE04EC0-301F-11D3-BF4B-00C04F79EFBC}") = "ServicesTest", "ServicesTest\ServicesTest.csproj", "{FDDDDCAE-5BC9-41E2-815C-E974CDBC8F8B}"
EndProject
Project("{FAE04EC0-301F-11D3-BF4B-00C04F79EFBC}") = "PholioObjectsTest", "PholioObjectsTest\PholioObjectsTest.csproj", "{5B2B351B-A4DD-4188-B746-714E740400B5}"
EndProject
Project("{FAE04EC0-301F-11D3-BF4B-00C04F79EFBC}") = "RequestParameters", "RequestParameters\RequestParameters.csproj", "{99D1ECEB-E3A8-40A2-83C5-7FF9304B472E}"
EndProject
Project("{FAE04EC0-301F-11D3-BF4B-00C04F79EFBC}") = "RequestParametersTest", "RequestParametersTest\RequestParametersTest.csproj", "{88FEF739-3A4A-4E84-B780-8B2D3894FDBC}"
EndProject
Project("{FAE04EC0-301F-11D3-BF4B-00C04F79EFBC}") = "Export", "Export\Export.csproj", "{85526825-84FB-4EAD-A98A-16ECE3CCE8CA}"
EndProject
Project("{FAE04EC0-301F-11D3-BF4B-00C04F79EFBC}") = "Cache", "Cache\Cache.csproj", "{66469F84-9E90-4BF5-AA88-EFBB5A10503D}"
EndProject
Project("{FAE04EC0-301F-11D3-BF4B-00C04F79EFBC}") = "DataConstruction", "DataConstruction\DataConstruction.csproj", "{A9FD008C-07B0-49BF-87B2-BC1A39242282}"
EndProject
Project("{FAE04EC0-301F-11D3-BF4B-00C04F79EFBC}") = "DataConstructionTest", "DataConstructionTest\DataConstructionTest.csproj", "{2B1CB9BB-6380-4ACE-9304-CCE00C27E1C4}"
EndProject
Project("{FAE04EC0-301F-11D3-BF4B-00C04F79EFBC}") = "ExportTest", "ExportTest\ExportTest.csproj", "{FD2A2E75-3685-4AD8-A391-EE640E6C06B6}"
EndProject
Project("{FAE04EC0-301F-11D3-BF4B-00C04F79EFBC}") = "SearchQuerying", "SearchQuerying\SearchQuerying.csproj", "{618BCEBB-2D74-4146-BF59-53A58E006A8C}"
EndProject
Project("{FAE04EC0-301F-11D3-BF4B-00C04F79EFBC}") = "SearchQueryingTest", "SearchQueryingTest\SearchQueryingTest.csproj", "{BD905503-7BE6-4A94-985B-9634FC0D9167}"
EndProject
Project("{FAE04EC0-301F-11D3-BF4B-00C04F79EFBC}") = "SearchIndexing", "SearchIndexing\SearchIndexing.csproj", "{E74B646D-5AC5-490E-AAF7-8B92F6D993F6}"
EndProject
Project("{FAE04EC0-301F-11D3-BF4B-00C04F79EFBC}") = "SearchIndexingTest", "SearchIndexingTest\SearchIndexingTest.csproj", "{03B3CF28-F3E5-46F3-BF17-F1FBCB01412B}"
EndProject
Project("{FAE04EC0-301F-11D3-BF4B-00C04F79EFBC}") = "ConsoleApplication", "ConsoleApplication\ConsoleApplication.csproj", "{4C99F2C6-9CE4-4BE3-82A8-AC4882431E3D}"
EndProject
Project("{FAE04EC0-301F-11D3-BF4B-00C04F79EFBC}") = "ServiceActions", "ServiceActions\ServiceActions.csproj", "{40254974-C7E8-4303-B3FF-BF8A0F8C6491}"
EndProject
Project("{FAE04EC0-301F-11D3-BF4B-00C04F79EFBC}") = "ServiceActionsTest", "ServiceActionsTest\ServiceActionsTest.csproj", "{95D7E6B1-6C47-44EE-9F80-1E08A048B5BA}"
EndProject
Project("{FAE04EC0-301F-11D3-BF4B-00C04F79EFBC}") = "ExceptionLogger", "ExceptionLogger\ExceptionLogger.csproj", "{924288F7-5950-49DB-8642-63587CB8146E}"
EndProject
Project("{FAE04EC0-301F-11D3-BF4B-00C04F79EFBC}") = "KeyMessages", "KeyMessages\KeyMessages.csproj", "{B7DAC9EA-B25D-4800-9BA2-4D01570306D7}"
EndProject
Project("{FAE04EC0-301F-11D3-BF4B-00C04F79EFBC}") = "KeyMessagesTest", "KeyMessagesTest\KeyMessagesTest.csproj", "{9AEE4236-AF52-4D1C-BCD1-18FD95E6BC2B}"
EndProject
Project("{FAE04EC0-301F-11D3-BF4B-00C04F79EFBC}") = "PdfDataTest", "PdfDataTest\PdfDataTest.csproj", "{CC7ACD02-C40D-405F-9B94-C10474E0E830}"
EndProject
Project("{FAE04EC0-301F-11D3-BF4B-00C04F79EFBC}") = "PdfData", "PdfData\PdfData.csproj", "{F9692CED-664F-49C2-92AB-D558979138E0}"
EndProject
Project("{FAE04EC0-301F-11D3-BF4B-00C04F79EFBC}") = "CkanTest", "CkanTest\CkanTest.csproj", "{29DD96C5-5648-4D16-8E1C-59575FD4C4BD}"
EndProject
Project("{FAE04EC0-301F-11D3-BF4B-00C04F79EFBC}") = "Ckan", "Ckan\Ckan.csproj", "{74C76B67-E81E-4EE0-BA24-29F8273D7727}"
EndProject
Project("{FAE04EC0-301F-11D3-BF4B-00C04F79EFBC}") = "ServicesWeb", "ServicesWeb\ServicesWeb.csproj", "{4241A7E2-0530-43B9-9DB9-CCD0D5585811}"
EndProject
Project("{FAE04EC0-301F-11D3-BF4B-00C04F79EFBC}") = "CkanConsoleApplication", "CkanConsoleApplication\CkanConsoleApplication.csproj", "{69191684-F6ED-4767-9780-6C4936BB6E8D}"
EndProject
Project("{FAE04EC0-301F-11D3-BF4B-00C04F79EFBC}") = "ServicesWebTest", "ServicesWebTest\ServicesWebTest.csproj", "{057D3E4C-7B0D-49CB-861D-3321A27718F7}"
EndProject
Project("{2150E333-8FDC-42A3-9474-1A3956D46DE8}") = "6 Ckan", "6 Ckan", "{31664D2D-76EA-4046-A40D-D999F44F021F}"
EndProject
Project("{2150E333-8FDC-42A3-9474-1A3956D46DE8}") = "4 Reporting", "4 Reporting", "{2C9E15A3-2468-4A70-A9A9-7C80E9A6FAE1}"
EndProject
Project("{2150E333-8FDC-42A3-9474-1A3956D46DE8}") = "3 Search", "3 Search", "{ECB4571D-4C65-48DD-AFCB-A6A6C93DDB45}"
EndProject
Project("{2150E333-8FDC-42A3-9474-1A3956D46DE8}") = "1 Web Services", "1 Web Services", "{0E5BB44A-94AD-4B66-B9B4-5E07D59D630D}"
EndProject
Project("{2150E333-8FDC-42A3-9474-1A3956D46DE8}") = "5 Excel export", "5 Excel export", "{2722978C-4F20-479E-B31D-C69B9F77CAF3}"
EndProject
Project("{2150E333-8FDC-42A3-9474-1A3956D46DE8}") = "2 Data", "2 Data", "{C0262A9F-990B-4C78-AE36-0463A8E88705}"
EndProject
Project("{2150E333-8FDC-42A3-9474-1A3956D46DE8}") = "7 Utilities", "7 Utilities", "{F535E76A-EDC1-403C-9CC8-AE8ACD313851}"
EndProject
Project("{FAE04EC0-301F-11D3-BF4B-00C04F79EFBC}") = "FingertipsDataExtractionTool", "FingertipsDataExtractionTool\FingertipsDataExtractionTool.csproj", "{22019897-902E-4DFA-ABB2-67AD9964E226}"
EndProject
Project("{FAE04EC0-301F-11D3-BF4B-00C04F79EFBC}") = "DIResolver", "DIResolver\DIResolver.csproj", "{638184FB-B8CA-43BD-A136-6737A417EF5A}"
EndProject
Project("{FAE04EC0-301F-11D3-BF4B-00C04F79EFBC}") = "FingertipsDataExtractionToolTest", "FingertipsDataExtractionToolTest\FingertipsDataExtractionToolTest.csproj", "{318AC2BF-8B87-4260-8D9D-F55E85E51929}"
EndProject
Project("{FAE04EC0-301F-11D3-BF4B-00C04F79EFBC}") = "DataSorting", "DataHelpers\DataSorting.csproj", "{24500DF1-56B2-425C-BDE4-851561897EC2}"
EndProject
Project("{FAE04EC0-301F-11D3-BF4B-00C04F79EFBC}") = "DataSortingTest", "DataHelpersTest\DataSortingTest.csproj", "{E925A8BA-2873-4516-AA28-5D352B81E889}"
EndProject
Global
	GlobalSection(SolutionConfigurationPlatforms) = preSolution
		Debug|Any CPU = Debug|Any CPU
		Release|Any CPU = Release|Any CPU
	EndGlobalSection
	GlobalSection(ProjectConfigurationPlatforms) = postSolution
		{7F25ED64-20A5-491A-BA93-04DDDDAD0C4C}.Debug|Any CPU.ActiveCfg = Debug|Any CPU
		{7F25ED64-20A5-491A-BA93-04DDDDAD0C4C}.Debug|Any CPU.Build.0 = Debug|Any CPU
		{7F25ED64-20A5-491A-BA93-04DDDDAD0C4C}.Release|Any CPU.ActiveCfg = Release|Any CPU
		{7F25ED64-20A5-491A-BA93-04DDDDAD0C4C}.Release|Any CPU.Build.0 = Release|Any CPU
		{AD4A4236-BE35-4B2A-B49D-28D514949984}.Debug|Any CPU.ActiveCfg = Debug|Any CPU
		{AD4A4236-BE35-4B2A-B49D-28D514949984}.Debug|Any CPU.Build.0 = Debug|Any CPU
		{AD4A4236-BE35-4B2A-B49D-28D514949984}.Release|Any CPU.ActiveCfg = Release|Any CPU
		{AD4A4236-BE35-4B2A-B49D-28D514949984}.Release|Any CPU.Build.0 = Release|Any CPU
		{93FCCE58-31AF-467D-ADC2-3067BEA82E7D}.Debug|Any CPU.ActiveCfg = Debug|Any CPU
		{93FCCE58-31AF-467D-ADC2-3067BEA82E7D}.Debug|Any CPU.Build.0 = Debug|Any CPU
		{93FCCE58-31AF-467D-ADC2-3067BEA82E7D}.Release|Any CPU.ActiveCfg = Release|Any CPU
		{93FCCE58-31AF-467D-ADC2-3067BEA82E7D}.Release|Any CPU.Build.0 = Release|Any CPU
		{4ACBA1FF-7E2E-460B-95CA-26454A66FA32}.Debug|Any CPU.ActiveCfg = Debug|Any CPU
		{4ACBA1FF-7E2E-460B-95CA-26454A66FA32}.Debug|Any CPU.Build.0 = Debug|Any CPU
		{4ACBA1FF-7E2E-460B-95CA-26454A66FA32}.Release|Any CPU.ActiveCfg = Release|Any CPU
		{4ACBA1FF-7E2E-460B-95CA-26454A66FA32}.Release|Any CPU.Build.0 = Release|Any CPU
		{6C6F1C27-953F-4B31-8B0B-6A998E57CB68}.Debug|Any CPU.ActiveCfg = Debug|Any CPU
		{6C6F1C27-953F-4B31-8B0B-6A998E57CB68}.Debug|Any CPU.Build.0 = Debug|Any CPU
		{6C6F1C27-953F-4B31-8B0B-6A998E57CB68}.Release|Any CPU.ActiveCfg = Release|Any CPU
		{6C6F1C27-953F-4B31-8B0B-6A998E57CB68}.Release|Any CPU.Build.0 = Release|Any CPU
		{D6DE7830-CC72-455E-92CD-2AB53BB065FD}.Debug|Any CPU.ActiveCfg = Debug|Any CPU
		{D6DE7830-CC72-455E-92CD-2AB53BB065FD}.Debug|Any CPU.Build.0 = Debug|Any CPU
		{D6DE7830-CC72-455E-92CD-2AB53BB065FD}.Release|Any CPU.ActiveCfg = Release|Any CPU
		{D6DE7830-CC72-455E-92CD-2AB53BB065FD}.Release|Any CPU.Build.0 = Release|Any CPU
		{EE646860-6872-48B7-B67F-B2D717953139}.Debug|Any CPU.ActiveCfg = Debug|Any CPU
		{EE646860-6872-48B7-B67F-B2D717953139}.Debug|Any CPU.Build.0 = Debug|Any CPU
		{EE646860-6872-48B7-B67F-B2D717953139}.Release|Any CPU.ActiveCfg = Release|Any CPU
		{EE646860-6872-48B7-B67F-B2D717953139}.Release|Any CPU.Build.0 = Release|Any CPU
		{60937855-2113-4C0D-880B-CA3FB918E3A9}.Debug|Any CPU.ActiveCfg = Debug|Any CPU
		{60937855-2113-4C0D-880B-CA3FB918E3A9}.Debug|Any CPU.Build.0 = Debug|Any CPU
		{60937855-2113-4C0D-880B-CA3FB918E3A9}.Release|Any CPU.ActiveCfg = Release|Any CPU
		{60937855-2113-4C0D-880B-CA3FB918E3A9}.Release|Any CPU.Build.0 = Release|Any CPU
		{FDDDDCAE-5BC9-41E2-815C-E974CDBC8F8B}.Debug|Any CPU.ActiveCfg = Debug|Any CPU
		{FDDDDCAE-5BC9-41E2-815C-E974CDBC8F8B}.Debug|Any CPU.Build.0 = Debug|Any CPU
		{FDDDDCAE-5BC9-41E2-815C-E974CDBC8F8B}.Release|Any CPU.ActiveCfg = Release|Any CPU
		{FDDDDCAE-5BC9-41E2-815C-E974CDBC8F8B}.Release|Any CPU.Build.0 = Release|Any CPU
		{5B2B351B-A4DD-4188-B746-714E740400B5}.Debug|Any CPU.ActiveCfg = Debug|Any CPU
		{5B2B351B-A4DD-4188-B746-714E740400B5}.Debug|Any CPU.Build.0 = Debug|Any CPU
		{5B2B351B-A4DD-4188-B746-714E740400B5}.Release|Any CPU.ActiveCfg = Release|Any CPU
		{5B2B351B-A4DD-4188-B746-714E740400B5}.Release|Any CPU.Build.0 = Release|Any CPU
		{99D1ECEB-E3A8-40A2-83C5-7FF9304B472E}.Debug|Any CPU.ActiveCfg = Debug|Any CPU
		{99D1ECEB-E3A8-40A2-83C5-7FF9304B472E}.Debug|Any CPU.Build.0 = Debug|Any CPU
		{99D1ECEB-E3A8-40A2-83C5-7FF9304B472E}.Release|Any CPU.ActiveCfg = Release|Any CPU
		{99D1ECEB-E3A8-40A2-83C5-7FF9304B472E}.Release|Any CPU.Build.0 = Release|Any CPU
		{88FEF739-3A4A-4E84-B780-8B2D3894FDBC}.Debug|Any CPU.ActiveCfg = Debug|Any CPU
		{88FEF739-3A4A-4E84-B780-8B2D3894FDBC}.Debug|Any CPU.Build.0 = Debug|Any CPU
		{88FEF739-3A4A-4E84-B780-8B2D3894FDBC}.Release|Any CPU.ActiveCfg = Release|Any CPU
		{88FEF739-3A4A-4E84-B780-8B2D3894FDBC}.Release|Any CPU.Build.0 = Release|Any CPU
		{85526825-84FB-4EAD-A98A-16ECE3CCE8CA}.Debug|Any CPU.ActiveCfg = Debug|Any CPU
		{85526825-84FB-4EAD-A98A-16ECE3CCE8CA}.Debug|Any CPU.Build.0 = Debug|Any CPU
		{85526825-84FB-4EAD-A98A-16ECE3CCE8CA}.Release|Any CPU.ActiveCfg = Release|Any CPU
		{85526825-84FB-4EAD-A98A-16ECE3CCE8CA}.Release|Any CPU.Build.0 = Release|Any CPU
		{66469F84-9E90-4BF5-AA88-EFBB5A10503D}.Debug|Any CPU.ActiveCfg = Debug|Any CPU
		{66469F84-9E90-4BF5-AA88-EFBB5A10503D}.Debug|Any CPU.Build.0 = Debug|Any CPU
		{66469F84-9E90-4BF5-AA88-EFBB5A10503D}.Release|Any CPU.ActiveCfg = Release|Any CPU
		{66469F84-9E90-4BF5-AA88-EFBB5A10503D}.Release|Any CPU.Build.0 = Release|Any CPU
		{A9FD008C-07B0-49BF-87B2-BC1A39242282}.Debug|Any CPU.ActiveCfg = Debug|Any CPU
		{A9FD008C-07B0-49BF-87B2-BC1A39242282}.Debug|Any CPU.Build.0 = Debug|Any CPU
		{A9FD008C-07B0-49BF-87B2-BC1A39242282}.Release|Any CPU.ActiveCfg = Release|Any CPU
		{A9FD008C-07B0-49BF-87B2-BC1A39242282}.Release|Any CPU.Build.0 = Release|Any CPU
		{2B1CB9BB-6380-4ACE-9304-CCE00C27E1C4}.Debug|Any CPU.ActiveCfg = Debug|Any CPU
		{2B1CB9BB-6380-4ACE-9304-CCE00C27E1C4}.Debug|Any CPU.Build.0 = Debug|Any CPU
		{2B1CB9BB-6380-4ACE-9304-CCE00C27E1C4}.Release|Any CPU.ActiveCfg = Release|Any CPU
		{2B1CB9BB-6380-4ACE-9304-CCE00C27E1C4}.Release|Any CPU.Build.0 = Release|Any CPU
		{FD2A2E75-3685-4AD8-A391-EE640E6C06B6}.Debug|Any CPU.ActiveCfg = Debug|Any CPU
		{FD2A2E75-3685-4AD8-A391-EE640E6C06B6}.Debug|Any CPU.Build.0 = Debug|Any CPU
		{FD2A2E75-3685-4AD8-A391-EE640E6C06B6}.Release|Any CPU.ActiveCfg = Release|Any CPU
		{FD2A2E75-3685-4AD8-A391-EE640E6C06B6}.Release|Any CPU.Build.0 = Release|Any CPU
		{618BCEBB-2D74-4146-BF59-53A58E006A8C}.Debug|Any CPU.ActiveCfg = Debug|Any CPU
		{618BCEBB-2D74-4146-BF59-53A58E006A8C}.Debug|Any CPU.Build.0 = Debug|Any CPU
		{618BCEBB-2D74-4146-BF59-53A58E006A8C}.Release|Any CPU.ActiveCfg = Release|Any CPU
		{618BCEBB-2D74-4146-BF59-53A58E006A8C}.Release|Any CPU.Build.0 = Release|Any CPU
		{BD905503-7BE6-4A94-985B-9634FC0D9167}.Debug|Any CPU.ActiveCfg = Debug|Any CPU
		{BD905503-7BE6-4A94-985B-9634FC0D9167}.Debug|Any CPU.Build.0 = Debug|Any CPU
		{BD905503-7BE6-4A94-985B-9634FC0D9167}.Release|Any CPU.ActiveCfg = Release|Any CPU
		{BD905503-7BE6-4A94-985B-9634FC0D9167}.Release|Any CPU.Build.0 = Release|Any CPU
		{E74B646D-5AC5-490E-AAF7-8B92F6D993F6}.Debug|Any CPU.ActiveCfg = Debug|Any CPU
		{E74B646D-5AC5-490E-AAF7-8B92F6D993F6}.Debug|Any CPU.Build.0 = Debug|Any CPU
		{E74B646D-5AC5-490E-AAF7-8B92F6D993F6}.Release|Any CPU.ActiveCfg = Release|Any CPU
		{E74B646D-5AC5-490E-AAF7-8B92F6D993F6}.Release|Any CPU.Build.0 = Release|Any CPU
		{03B3CF28-F3E5-46F3-BF17-F1FBCB01412B}.Debug|Any CPU.ActiveCfg = Debug|Any CPU
		{03B3CF28-F3E5-46F3-BF17-F1FBCB01412B}.Debug|Any CPU.Build.0 = Debug|Any CPU
		{03B3CF28-F3E5-46F3-BF17-F1FBCB01412B}.Release|Any CPU.ActiveCfg = Release|Any CPU
		{03B3CF28-F3E5-46F3-BF17-F1FBCB01412B}.Release|Any CPU.Build.0 = Release|Any CPU
		{4C99F2C6-9CE4-4BE3-82A8-AC4882431E3D}.Debug|Any CPU.ActiveCfg = Debug|Any CPU
		{4C99F2C6-9CE4-4BE3-82A8-AC4882431E3D}.Debug|Any CPU.Build.0 = Debug|Any CPU
		{4C99F2C6-9CE4-4BE3-82A8-AC4882431E3D}.Release|Any CPU.ActiveCfg = Release|Any CPU
		{4C99F2C6-9CE4-4BE3-82A8-AC4882431E3D}.Release|Any CPU.Build.0 = Release|Any CPU
		{40254974-C7E8-4303-B3FF-BF8A0F8C6491}.Debug|Any CPU.ActiveCfg = Debug|Any CPU
		{40254974-C7E8-4303-B3FF-BF8A0F8C6491}.Debug|Any CPU.Build.0 = Debug|Any CPU
		{40254974-C7E8-4303-B3FF-BF8A0F8C6491}.Release|Any CPU.ActiveCfg = Release|Any CPU
		{40254974-C7E8-4303-B3FF-BF8A0F8C6491}.Release|Any CPU.Build.0 = Release|Any CPU
		{95D7E6B1-6C47-44EE-9F80-1E08A048B5BA}.Debug|Any CPU.ActiveCfg = Debug|Any CPU
		{95D7E6B1-6C47-44EE-9F80-1E08A048B5BA}.Debug|Any CPU.Build.0 = Debug|Any CPU
		{95D7E6B1-6C47-44EE-9F80-1E08A048B5BA}.Release|Any CPU.ActiveCfg = Release|Any CPU
		{95D7E6B1-6C47-44EE-9F80-1E08A048B5BA}.Release|Any CPU.Build.0 = Release|Any CPU
		{924288F7-5950-49DB-8642-63587CB8146E}.Debug|Any CPU.ActiveCfg = Debug|Any CPU
		{924288F7-5950-49DB-8642-63587CB8146E}.Debug|Any CPU.Build.0 = Debug|Any CPU
		{924288F7-5950-49DB-8642-63587CB8146E}.Release|Any CPU.ActiveCfg = Release|Any CPU
		{924288F7-5950-49DB-8642-63587CB8146E}.Release|Any CPU.Build.0 = Release|Any CPU
		{B7DAC9EA-B25D-4800-9BA2-4D01570306D7}.Debug|Any CPU.ActiveCfg = Debug|Any CPU
		{B7DAC9EA-B25D-4800-9BA2-4D01570306D7}.Debug|Any CPU.Build.0 = Debug|Any CPU
		{B7DAC9EA-B25D-4800-9BA2-4D01570306D7}.Release|Any CPU.ActiveCfg = Release|Any CPU
		{B7DAC9EA-B25D-4800-9BA2-4D01570306D7}.Release|Any CPU.Build.0 = Release|Any CPU
		{9AEE4236-AF52-4D1C-BCD1-18FD95E6BC2B}.Debug|Any CPU.ActiveCfg = Debug|Any CPU
		{9AEE4236-AF52-4D1C-BCD1-18FD95E6BC2B}.Debug|Any CPU.Build.0 = Debug|Any CPU
		{9AEE4236-AF52-4D1C-BCD1-18FD95E6BC2B}.Release|Any CPU.ActiveCfg = Release|Any CPU
		{9AEE4236-AF52-4D1C-BCD1-18FD95E6BC2B}.Release|Any CPU.Build.0 = Release|Any CPU
		{CC7ACD02-C40D-405F-9B94-C10474E0E830}.Debug|Any CPU.ActiveCfg = Debug|Any CPU
		{CC7ACD02-C40D-405F-9B94-C10474E0E830}.Debug|Any CPU.Build.0 = Debug|Any CPU
		{CC7ACD02-C40D-405F-9B94-C10474E0E830}.Release|Any CPU.ActiveCfg = Release|Any CPU
		{CC7ACD02-C40D-405F-9B94-C10474E0E830}.Release|Any CPU.Build.0 = Release|Any CPU
		{F9692CED-664F-49C2-92AB-D558979138E0}.Debug|Any CPU.ActiveCfg = Debug|Any CPU
		{F9692CED-664F-49C2-92AB-D558979138E0}.Debug|Any CPU.Build.0 = Debug|Any CPU
		{F9692CED-664F-49C2-92AB-D558979138E0}.Release|Any CPU.ActiveCfg = Release|Any CPU
		{F9692CED-664F-49C2-92AB-D558979138E0}.Release|Any CPU.Build.0 = Release|Any CPU
		{29DD96C5-5648-4D16-8E1C-59575FD4C4BD}.Debug|Any CPU.ActiveCfg = Debug|Any CPU
		{29DD96C5-5648-4D16-8E1C-59575FD4C4BD}.Debug|Any CPU.Build.0 = Debug|Any CPU
		{29DD96C5-5648-4D16-8E1C-59575FD4C4BD}.Release|Any CPU.ActiveCfg = Release|Any CPU
		{29DD96C5-5648-4D16-8E1C-59575FD4C4BD}.Release|Any CPU.Build.0 = Release|Any CPU
		{74C76B67-E81E-4EE0-BA24-29F8273D7727}.Debug|Any CPU.ActiveCfg = Debug|Any CPU
		{74C76B67-E81E-4EE0-BA24-29F8273D7727}.Debug|Any CPU.Build.0 = Debug|Any CPU
		{74C76B67-E81E-4EE0-BA24-29F8273D7727}.Release|Any CPU.ActiveCfg = Release|Any CPU
		{74C76B67-E81E-4EE0-BA24-29F8273D7727}.Release|Any CPU.Build.0 = Release|Any CPU
		{4241A7E2-0530-43B9-9DB9-CCD0D5585811}.Debug|Any CPU.ActiveCfg = Debug|Any CPU
		{4241A7E2-0530-43B9-9DB9-CCD0D5585811}.Debug|Any CPU.Build.0 = Debug|Any CPU
		{4241A7E2-0530-43B9-9DB9-CCD0D5585811}.Release|Any CPU.ActiveCfg = Release|Any CPU
		{4241A7E2-0530-43B9-9DB9-CCD0D5585811}.Release|Any CPU.Build.0 = Release|Any CPU
		{69191684-F6ED-4767-9780-6C4936BB6E8D}.Debug|Any CPU.ActiveCfg = Debug|Any CPU
		{69191684-F6ED-4767-9780-6C4936BB6E8D}.Debug|Any CPU.Build.0 = Debug|Any CPU
		{69191684-F6ED-4767-9780-6C4936BB6E8D}.Release|Any CPU.ActiveCfg = Release|Any CPU
		{69191684-F6ED-4767-9780-6C4936BB6E8D}.Release|Any CPU.Build.0 = Release|Any CPU
		{057D3E4C-7B0D-49CB-861D-3321A27718F7}.Debug|Any CPU.ActiveCfg = Debug|Any CPU
		{057D3E4C-7B0D-49CB-861D-3321A27718F7}.Debug|Any CPU.Build.0 = Debug|Any CPU
		{057D3E4C-7B0D-49CB-861D-3321A27718F7}.Release|Any CPU.ActiveCfg = Release|Any CPU
		{057D3E4C-7B0D-49CB-861D-3321A27718F7}.Release|Any CPU.Build.0 = Release|Any CPU
		{22019897-902E-4DFA-ABB2-67AD9964E226}.Debug|Any CPU.ActiveCfg = Debug|Any CPU
		{22019897-902E-4DFA-ABB2-67AD9964E226}.Debug|Any CPU.Build.0 = Debug|Any CPU
		{22019897-902E-4DFA-ABB2-67AD9964E226}.Release|Any CPU.ActiveCfg = Release|Any CPU
		{22019897-902E-4DFA-ABB2-67AD9964E226}.Release|Any CPU.Build.0 = Release|Any CPU
		{638184FB-B8CA-43BD-A136-6737A417EF5A}.Debug|Any CPU.ActiveCfg = Debug|Any CPU
		{638184FB-B8CA-43BD-A136-6737A417EF5A}.Debug|Any CPU.Build.0 = Debug|Any CPU
		{638184FB-B8CA-43BD-A136-6737A417EF5A}.Release|Any CPU.ActiveCfg = Release|Any CPU
		{638184FB-B8CA-43BD-A136-6737A417EF5A}.Release|Any CPU.Build.0 = Release|Any CPU
		{318AC2BF-8B87-4260-8D9D-F55E85E51929}.Debug|Any CPU.ActiveCfg = Debug|Any CPU
		{318AC2BF-8B87-4260-8D9D-F55E85E51929}.Debug|Any CPU.Build.0 = Debug|Any CPU
		{318AC2BF-8B87-4260-8D9D-F55E85E51929}.Release|Any CPU.ActiveCfg = Release|Any CPU
		{318AC2BF-8B87-4260-8D9D-F55E85E51929}.Release|Any CPU.Build.0 = Release|Any CPU
		{24500DF1-56B2-425C-BDE4-851561897EC2}.Debug|Any CPU.ActiveCfg = Debug|Any CPU
		{24500DF1-56B2-425C-BDE4-851561897EC2}.Debug|Any CPU.Build.0 = Debug|Any CPU
		{24500DF1-56B2-425C-BDE4-851561897EC2}.Release|Any CPU.ActiveCfg = Release|Any CPU
		{24500DF1-56B2-425C-BDE4-851561897EC2}.Release|Any CPU.Build.0 = Release|Any CPU
		{E925A8BA-2873-4516-AA28-5D352B81E889}.Debug|Any CPU.ActiveCfg = Debug|Any CPU
		{E925A8BA-2873-4516-AA28-5D352B81E889}.Debug|Any CPU.Build.0 = Debug|Any CPU
		{E925A8BA-2873-4516-AA28-5D352B81E889}.Release|Any CPU.ActiveCfg = Release|Any CPU
		{E925A8BA-2873-4516-AA28-5D352B81E889}.Release|Any CPU.Build.0 = Release|Any CPU
	EndGlobalSection
	GlobalSection(SolutionProperties) = preSolution
		HideSolutionNode = FALSE
	EndGlobalSection
	GlobalSection(NestedProjects) = preSolution
		{7F25ED64-20A5-491A-BA93-04DDDDAD0C4C} = {0E5BB44A-94AD-4B66-B9B4-5E07D59D630D}
		{AD4A4236-BE35-4B2A-B49D-28D514949984} = {C0262A9F-990B-4C78-AE36-0463A8E88705}
		{93FCCE58-31AF-467D-ADC2-3067BEA82E7D} = {C0262A9F-990B-4C78-AE36-0463A8E88705}
		{4ACBA1FF-7E2E-460B-95CA-26454A66FA32} = {C0262A9F-990B-4C78-AE36-0463A8E88705}
		{6C6F1C27-953F-4B31-8B0B-6A998E57CB68} = {C0262A9F-990B-4C78-AE36-0463A8E88705}
		{D6DE7830-CC72-455E-92CD-2AB53BB065FD} = {C0262A9F-990B-4C78-AE36-0463A8E88705}
		{EE646860-6872-48B7-B67F-B2D717953139} = {C0262A9F-990B-4C78-AE36-0463A8E88705}
		{60937855-2113-4C0D-880B-CA3FB918E3A9} = {C0262A9F-990B-4C78-AE36-0463A8E88705}
		{FDDDDCAE-5BC9-41E2-815C-E974CDBC8F8B} = {0E5BB44A-94AD-4B66-B9B4-5E07D59D630D}
		{5B2B351B-A4DD-4188-B746-714E740400B5} = {C0262A9F-990B-4C78-AE36-0463A8E88705}
		{99D1ECEB-E3A8-40A2-83C5-7FF9304B472E} = {0E5BB44A-94AD-4B66-B9B4-5E07D59D630D}
		{88FEF739-3A4A-4E84-B780-8B2D3894FDBC} = {0E5BB44A-94AD-4B66-B9B4-5E07D59D630D}
		{85526825-84FB-4EAD-A98A-16ECE3CCE8CA} = {2722978C-4F20-479E-B31D-C69B9F77CAF3}
		{66469F84-9E90-4BF5-AA88-EFBB5A10503D} = {0E5BB44A-94AD-4B66-B9B4-5E07D59D630D}
		{A9FD008C-07B0-49BF-87B2-BC1A39242282} = {C0262A9F-990B-4C78-AE36-0463A8E88705}
		{2B1CB9BB-6380-4ACE-9304-CCE00C27E1C4} = {C0262A9F-990B-4C78-AE36-0463A8E88705}
		{FD2A2E75-3685-4AD8-A391-EE640E6C06B6} = {2722978C-4F20-479E-B31D-C69B9F77CAF3}
		{618BCEBB-2D74-4146-BF59-53A58E006A8C} = {ECB4571D-4C65-48DD-AFCB-A6A6C93DDB45}
		{BD905503-7BE6-4A94-985B-9634FC0D9167} = {ECB4571D-4C65-48DD-AFCB-A6A6C93DDB45}
		{E74B646D-5AC5-490E-AAF7-8B92F6D993F6} = {ECB4571D-4C65-48DD-AFCB-A6A6C93DDB45}
		{03B3CF28-F3E5-46F3-BF17-F1FBCB01412B} = {ECB4571D-4C65-48DD-AFCB-A6A6C93DDB45}
		{4C99F2C6-9CE4-4BE3-82A8-AC4882431E3D} = {F535E76A-EDC1-403C-9CC8-AE8ACD313851}
		{40254974-C7E8-4303-B3FF-BF8A0F8C6491} = {0E5BB44A-94AD-4B66-B9B4-5E07D59D630D}
		{95D7E6B1-6C47-44EE-9F80-1E08A048B5BA} = {0E5BB44A-94AD-4B66-B9B4-5E07D59D630D}
		{924288F7-5950-49DB-8642-63587CB8146E} = {F535E76A-EDC1-403C-9CC8-AE8ACD313851}
		{B7DAC9EA-B25D-4800-9BA2-4D01570306D7} = {2C9E15A3-2468-4A70-A9A9-7C80E9A6FAE1}
		{9AEE4236-AF52-4D1C-BCD1-18FD95E6BC2B} = {2C9E15A3-2468-4A70-A9A9-7C80E9A6FAE1}
		{CC7ACD02-C40D-405F-9B94-C10474E0E830} = {2C9E15A3-2468-4A70-A9A9-7C80E9A6FAE1}
		{F9692CED-664F-49C2-92AB-D558979138E0} = {2C9E15A3-2468-4A70-A9A9-7C80E9A6FAE1}
		{29DD96C5-5648-4D16-8E1C-59575FD4C4BD} = {31664D2D-76EA-4046-A40D-D999F44F021F}
		{74C76B67-E81E-4EE0-BA24-29F8273D7727} = {31664D2D-76EA-4046-A40D-D999F44F021F}
		{4241A7E2-0530-43B9-9DB9-CCD0D5585811} = {0E5BB44A-94AD-4B66-B9B4-5E07D59D630D}
		{69191684-F6ED-4767-9780-6C4936BB6E8D} = {31664D2D-76EA-4046-A40D-D999F44F021F}
		{057D3E4C-7B0D-49CB-861D-3321A27718F7} = {0E5BB44A-94AD-4B66-B9B4-5E07D59D630D}
		{22019897-902E-4DFA-ABB2-67AD9964E226} = {2722978C-4F20-479E-B31D-C69B9F77CAF3}
		{638184FB-B8CA-43BD-A136-6737A417EF5A} = {31664D2D-76EA-4046-A40D-D999F44F021F}
		{318AC2BF-8B87-4260-8D9D-F55E85E51929} = {2722978C-4F20-479E-B31D-C69B9F77CAF3}
		{24500DF1-56B2-425C-BDE4-851561897EC2} = {C0262A9F-990B-4C78-AE36-0463A8E88705}
		{E925A8BA-2873-4516-AA28-5D352B81E889} = {C0262A9F-990B-4C78-AE36-0463A8E88705}
	EndGlobalSection
	GlobalSection(TestCaseManagementSettings) = postSolution
		CategoryFile = PholioDataVisualisation.vsmdi
	EndGlobalSection
EndGlobal
