
Microsoft Visual Studio Solution File, Format Version 12.00
# Visual Studio 14
VisualStudioVersion = 14.0.25420.1
MinimumVisualStudioVersion = 10.0.40219.1
Project("{2150E333-8FDC-42A3-9474-1A3956D46DE8}") = "Solution Items", "Solution Items", "{6233CCD0-CBF5-4DEB-A5A5-6CFB9EE1D453}"
	ProjectSection(SolutionItems) = preProject
		IndicatorsUI.vsmdi = IndicatorsUI.vsmdi
		Jenkins_Selenium_Web.config = Jenkins_Selenium_Web.config
		Jenkins_Test_Generic_App.config = Jenkins_Test_Generic_App.config
	EndProjectSection
EndProject
Project("{2150E333-8FDC-42A3-9474-1A3956D46DE8}") = "FingertipsBridgeWS", "FingertipsBridgeWS", "{06C8AB9E-002F-4DCE-9B42-2F02A8D6824A}"
EndProject
Project("{FAE04EC0-301F-11D3-BF4B-00C04F79EFBC}") = "MainUI", "MainUI\MainUI.csproj", "{64358A8F-D044-46CE-BDF2-1BFA5AC5B3D6}"
EndProject
Project("{FAE04EC0-301F-11D3-BF4B-00C04F79EFBC}") = "DomainObjects", "DomainObjects\DomainObjects.csproj", "{DB5CE84B-BE14-44BB-A83E-506FFDF58094}"
EndProject
Project("{FAE04EC0-301F-11D3-BF4B-00C04F79EFBC}") = "DomainObjectsTest", "DomainObjectsTest\DomainObjectsTest.csproj", "{8891FD1F-87F2-4BB4-96AD-882AC147B58E}"
EndProject
Project("{FAE04EC0-301F-11D3-BF4B-00C04F79EFBC}") = "MainUITest", "MainUITest\MainUITest.csproj", "{C8255150-2FAD-439A-958B-B74EFBF44916}"
EndProject
Project("{FAE04EC0-301F-11D3-BF4B-00C04F79EFBC}") = "DataAccess", "DataAccess\DataAccess.csproj", "{10D7511F-C617-480D-9B5F-4DAE46241764}"
EndProject
Project("{FAE04EC0-301F-11D3-BF4B-00C04F79EFBC}") = "DataAccessTest", "DataAccessTest\DataAccessTest.csproj", "{D32E05AB-B52A-4556-A5BB-3484D694B0D7}"
EndProject
Project("{FAE04EC0-301F-11D3-BF4B-00C04F79EFBC}") = "DataConstruction", "DataConstruction\DataConstruction.csproj", "{9963CB61-0E95-45AD-9572-4DF4DC132BD7}"
EndProject
Project("{FAE04EC0-301F-11D3-BF4B-00C04F79EFBC}") = "DataConstructionTest", "DataConstructionTest\DataConstructionTest.csproj", "{AAAE3632-9944-4E7B-8A80-EC33DD00B3A8}"
EndProject
Project("{FAE04EC0-301F-11D3-BF4B-00C04F79EFBC}") = "Services", "FingertipsBridgeWS\Services\Services.csproj", "{44BBCCAB-D4BD-4C71-939B-2D94A63D0627}"
EndProject
Project("{FAE04EC0-301F-11D3-BF4B-00C04F79EFBC}") = "Cache", "FingertipsBridgeWS\Cache\Cache.csproj", "{0918EB63-0CCA-4317-82FB-32ED0C17F43C}"
EndProject
Project("{FAE04EC0-301F-11D3-BF4B-00C04F79EFBC}") = "CacheTest", "FingertipsBridgeWS\CacheTest\CacheTest.csproj", "{A2F44403-6516-490C-B032-FB46A98B3F87}"
EndProject
Project("{FAE04EC0-301F-11D3-BF4B-00C04F79EFBC}") = "ServicesTest", "FingertipsBridgeWS\ServicesTest\ServicesTest.csproj", "{BA0AEAE0-7FEA-4772-9EF9-658E3C51090E}"
EndProject
Project("{FAE04EC0-301F-11D3-BF4B-00C04F79EFBC}") = "MainUISeleniumTest", "MainUISeleniumTest\MainUISeleniumTest.csproj", "{B754F477-0F56-40E7-9BEB-F8CD606A48B5}"
EndProject
Project("{2150E333-8FDC-42A3-9474-1A3956D46DE8}") = "1 Presentation", "1 Presentation", "{B833C2BB-8BBB-4CDB-895E-DAB49C47B6B1}"
EndProject
Project("{2150E333-8FDC-42A3-9474-1A3956D46DE8}") = "5 Tests", "5 Tests", "{C7BDBCF1-698E-49F3-9CD0-A340216D9565}"
EndProject
Project("{2150E333-8FDC-42A3-9474-1A3956D46DE8}") = "3 Data Access", "3 Data Access", "{5A686BA3-B966-4430-B592-760492E320D6}"
EndProject
Project("{2150E333-8FDC-42A3-9474-1A3956D46DE8}") = "4 Framework", "4 Framework", "{EA203CD0-FC08-4161-BCAD-B5DF4C18250F}"
EndProject
Project("{2150E333-8FDC-42A3-9474-1A3956D46DE8}") = "2 Business Layer", "2 Business Layer", "{AF3737F7-8577-4EEA-B4AB-32E098786E7A}"
EndProject
Project("{2150E333-8FDC-42A3-9474-1A3956D46DE8}") = "6 UserAccess", "6 UserAccess", "{FEC1FECB-B720-40A2-BABF-23AC80AABA2C}"
EndProject
Project("{FAE04EC0-301F-11D3-BF4B-00C04F79EFBC}") = "UserAccess", "UserAccess\UserAccess.csproj", "{F2B3238F-0791-486B-9EAB-AC4FFC98CD6A}"
EndProject
Project("{FAE04EC0-301F-11D3-BF4B-00C04F79EFBC}") = "UserAccessTest", "UserAccessTest\UserAccessTest.csproj", "{1C970C45-49FA-4459-8620-8B47B57D25A4}"
EndProject
Project("{FAE04EC0-301F-11D3-BF4B-00C04F79EFBC}") = "AngularAppBuildTest", "AngularAppBuildTest\AngularAppBuildTest.csproj", "{788E96B4-C293-4FE5-86A4-A3FDF56C825B}"
EndProject
Global
	GlobalSection(SolutionConfigurationPlatforms) = preSolution
		Debug|Any CPU = Debug|Any CPU
		Release|Any CPU = Release|Any CPU
	EndGlobalSection
	GlobalSection(ProjectConfigurationPlatforms) = postSolution
		{64358A8F-D044-46CE-BDF2-1BFA5AC5B3D6}.Debug|Any CPU.ActiveCfg = Debug|Any CPU
		{64358A8F-D044-46CE-BDF2-1BFA5AC5B3D6}.Debug|Any CPU.Build.0 = Debug|Any CPU
		{64358A8F-D044-46CE-BDF2-1BFA5AC5B3D6}.Release|Any CPU.ActiveCfg = Release|Any CPU
		{64358A8F-D044-46CE-BDF2-1BFA5AC5B3D6}.Release|Any CPU.Build.0 = Release|Any CPU
		{DB5CE84B-BE14-44BB-A83E-506FFDF58094}.Debug|Any CPU.ActiveCfg = Debug|Any CPU
		{DB5CE84B-BE14-44BB-A83E-506FFDF58094}.Debug|Any CPU.Build.0 = Debug|Any CPU
		{DB5CE84B-BE14-44BB-A83E-506FFDF58094}.Release|Any CPU.ActiveCfg = Release|Any CPU
		{DB5CE84B-BE14-44BB-A83E-506FFDF58094}.Release|Any CPU.Build.0 = Release|Any CPU
		{8891FD1F-87F2-4BB4-96AD-882AC147B58E}.Debug|Any CPU.ActiveCfg = Debug|Any CPU
		{8891FD1F-87F2-4BB4-96AD-882AC147B58E}.Debug|Any CPU.Build.0 = Debug|Any CPU
		{8891FD1F-87F2-4BB4-96AD-882AC147B58E}.Release|Any CPU.ActiveCfg = Release|Any CPU
		{8891FD1F-87F2-4BB4-96AD-882AC147B58E}.Release|Any CPU.Build.0 = Release|Any CPU
		{C8255150-2FAD-439A-958B-B74EFBF44916}.Debug|Any CPU.ActiveCfg = Debug|Any CPU
		{C8255150-2FAD-439A-958B-B74EFBF44916}.Debug|Any CPU.Build.0 = Debug|Any CPU
		{C8255150-2FAD-439A-958B-B74EFBF44916}.Release|Any CPU.ActiveCfg = Release|Any CPU
		{C8255150-2FAD-439A-958B-B74EFBF44916}.Release|Any CPU.Build.0 = Release|Any CPU
		{10D7511F-C617-480D-9B5F-4DAE46241764}.Debug|Any CPU.ActiveCfg = Debug|Any CPU
		{10D7511F-C617-480D-9B5F-4DAE46241764}.Debug|Any CPU.Build.0 = Debug|Any CPU
		{10D7511F-C617-480D-9B5F-4DAE46241764}.Release|Any CPU.ActiveCfg = Release|Any CPU
		{10D7511F-C617-480D-9B5F-4DAE46241764}.Release|Any CPU.Build.0 = Release|Any CPU
		{D32E05AB-B52A-4556-A5BB-3484D694B0D7}.Debug|Any CPU.ActiveCfg = Debug|Any CPU
		{D32E05AB-B52A-4556-A5BB-3484D694B0D7}.Debug|Any CPU.Build.0 = Debug|Any CPU
		{D32E05AB-B52A-4556-A5BB-3484D694B0D7}.Release|Any CPU.ActiveCfg = Release|Any CPU
		{D32E05AB-B52A-4556-A5BB-3484D694B0D7}.Release|Any CPU.Build.0 = Release|Any CPU
		{9963CB61-0E95-45AD-9572-4DF4DC132BD7}.Debug|Any CPU.ActiveCfg = Debug|Any CPU
		{9963CB61-0E95-45AD-9572-4DF4DC132BD7}.Debug|Any CPU.Build.0 = Debug|Any CPU
		{9963CB61-0E95-45AD-9572-4DF4DC132BD7}.Release|Any CPU.ActiveCfg = Release|Any CPU
		{9963CB61-0E95-45AD-9572-4DF4DC132BD7}.Release|Any CPU.Build.0 = Release|Any CPU
		{AAAE3632-9944-4E7B-8A80-EC33DD00B3A8}.Debug|Any CPU.ActiveCfg = Debug|Any CPU
		{AAAE3632-9944-4E7B-8A80-EC33DD00B3A8}.Debug|Any CPU.Build.0 = Debug|Any CPU
		{AAAE3632-9944-4E7B-8A80-EC33DD00B3A8}.Release|Any CPU.ActiveCfg = Release|Any CPU
		{AAAE3632-9944-4E7B-8A80-EC33DD00B3A8}.Release|Any CPU.Build.0 = Release|Any CPU
		{44BBCCAB-D4BD-4C71-939B-2D94A63D0627}.Debug|Any CPU.ActiveCfg = Debug|Any CPU
		{44BBCCAB-D4BD-4C71-939B-2D94A63D0627}.Debug|Any CPU.Build.0 = Debug|Any CPU
		{44BBCCAB-D4BD-4C71-939B-2D94A63D0627}.Release|Any CPU.ActiveCfg = Release|Any CPU
		{44BBCCAB-D4BD-4C71-939B-2D94A63D0627}.Release|Any CPU.Build.0 = Release|Any CPU
		{0918EB63-0CCA-4317-82FB-32ED0C17F43C}.Debug|Any CPU.ActiveCfg = Debug|Any CPU
		{0918EB63-0CCA-4317-82FB-32ED0C17F43C}.Debug|Any CPU.Build.0 = Debug|Any CPU
		{0918EB63-0CCA-4317-82FB-32ED0C17F43C}.Release|Any CPU.ActiveCfg = Release|Any CPU
		{0918EB63-0CCA-4317-82FB-32ED0C17F43C}.Release|Any CPU.Build.0 = Release|Any CPU
		{A2F44403-6516-490C-B032-FB46A98B3F87}.Debug|Any CPU.ActiveCfg = Debug|Any CPU
		{A2F44403-6516-490C-B032-FB46A98B3F87}.Debug|Any CPU.Build.0 = Debug|Any CPU
		{A2F44403-6516-490C-B032-FB46A98B3F87}.Release|Any CPU.ActiveCfg = Release|Any CPU
		{A2F44403-6516-490C-B032-FB46A98B3F87}.Release|Any CPU.Build.0 = Release|Any CPU
		{BA0AEAE0-7FEA-4772-9EF9-658E3C51090E}.Debug|Any CPU.ActiveCfg = Debug|Any CPU
		{BA0AEAE0-7FEA-4772-9EF9-658E3C51090E}.Debug|Any CPU.Build.0 = Debug|Any CPU
		{BA0AEAE0-7FEA-4772-9EF9-658E3C51090E}.Release|Any CPU.ActiveCfg = Release|Any CPU
		{BA0AEAE0-7FEA-4772-9EF9-658E3C51090E}.Release|Any CPU.Build.0 = Release|Any CPU
		{B754F477-0F56-40E7-9BEB-F8CD606A48B5}.Debug|Any CPU.ActiveCfg = Debug|Any CPU
		{B754F477-0F56-40E7-9BEB-F8CD606A48B5}.Debug|Any CPU.Build.0 = Debug|Any CPU
		{B754F477-0F56-40E7-9BEB-F8CD606A48B5}.Release|Any CPU.ActiveCfg = Release|Any CPU
		{B754F477-0F56-40E7-9BEB-F8CD606A48B5}.Release|Any CPU.Build.0 = Release|Any CPU
		{F2B3238F-0791-486B-9EAB-AC4FFC98CD6A}.Debug|Any CPU.ActiveCfg = Debug|Any CPU
		{F2B3238F-0791-486B-9EAB-AC4FFC98CD6A}.Debug|Any CPU.Build.0 = Debug|Any CPU
		{F2B3238F-0791-486B-9EAB-AC4FFC98CD6A}.Release|Any CPU.ActiveCfg = Release|Any CPU
		{F2B3238F-0791-486B-9EAB-AC4FFC98CD6A}.Release|Any CPU.Build.0 = Release|Any CPU
		{1C970C45-49FA-4459-8620-8B47B57D25A4}.Debug|Any CPU.ActiveCfg = Debug|Any CPU
		{1C970C45-49FA-4459-8620-8B47B57D25A4}.Debug|Any CPU.Build.0 = Debug|Any CPU
		{1C970C45-49FA-4459-8620-8B47B57D25A4}.Release|Any CPU.ActiveCfg = Release|Any CPU
		{1C970C45-49FA-4459-8620-8B47B57D25A4}.Release|Any CPU.Build.0 = Release|Any CPU
		{788E96B4-C293-4FE5-86A4-A3FDF56C825B}.Debug|Any CPU.ActiveCfg = Debug|Any CPU
		{788E96B4-C293-4FE5-86A4-A3FDF56C825B}.Debug|Any CPU.Build.0 = Debug|Any CPU
		{788E96B4-C293-4FE5-86A4-A3FDF56C825B}.Release|Any CPU.ActiveCfg = Release|Any CPU
		{788E96B4-C293-4FE5-86A4-A3FDF56C825B}.Release|Any CPU.Build.0 = Release|Any CPU
	EndGlobalSection
	GlobalSection(SolutionProperties) = preSolution
		HideSolutionNode = FALSE
	EndGlobalSection
	GlobalSection(NestedProjects) = preSolution
		{06C8AB9E-002F-4DCE-9B42-2F02A8D6824A} = {AF3737F7-8577-4EEA-B4AB-32E098786E7A}
		{64358A8F-D044-46CE-BDF2-1BFA5AC5B3D6} = {B833C2BB-8BBB-4CDB-895E-DAB49C47B6B1}
		{DB5CE84B-BE14-44BB-A83E-506FFDF58094} = {AF3737F7-8577-4EEA-B4AB-32E098786E7A}
		{8891FD1F-87F2-4BB4-96AD-882AC147B58E} = {C7BDBCF1-698E-49F3-9CD0-A340216D9565}
		{C8255150-2FAD-439A-958B-B74EFBF44916} = {C7BDBCF1-698E-49F3-9CD0-A340216D9565}
		{10D7511F-C617-480D-9B5F-4DAE46241764} = {5A686BA3-B966-4430-B592-760492E320D6}
		{D32E05AB-B52A-4556-A5BB-3484D694B0D7} = {C7BDBCF1-698E-49F3-9CD0-A340216D9565}
		{9963CB61-0E95-45AD-9572-4DF4DC132BD7} = {EA203CD0-FC08-4161-BCAD-B5DF4C18250F}
		{AAAE3632-9944-4E7B-8A80-EC33DD00B3A8} = {C7BDBCF1-698E-49F3-9CD0-A340216D9565}
		{44BBCCAB-D4BD-4C71-939B-2D94A63D0627} = {06C8AB9E-002F-4DCE-9B42-2F02A8D6824A}
		{0918EB63-0CCA-4317-82FB-32ED0C17F43C} = {06C8AB9E-002F-4DCE-9B42-2F02A8D6824A}
		{A2F44403-6516-490C-B032-FB46A98B3F87} = {C7BDBCF1-698E-49F3-9CD0-A340216D9565}
		{BA0AEAE0-7FEA-4772-9EF9-658E3C51090E} = {C7BDBCF1-698E-49F3-9CD0-A340216D9565}
		{B754F477-0F56-40E7-9BEB-F8CD606A48B5} = {C7BDBCF1-698E-49F3-9CD0-A340216D9565}
		{F2B3238F-0791-486B-9EAB-AC4FFC98CD6A} = {FEC1FECB-B720-40A2-BABF-23AC80AABA2C}
		{1C970C45-49FA-4459-8620-8B47B57D25A4} = {C7BDBCF1-698E-49F3-9CD0-A340216D9565}
		{788E96B4-C293-4FE5-86A4-A3FDF56C825B} = {C7BDBCF1-698E-49F3-9CD0-A340216D9565}
	EndGlobalSection
	GlobalSection(TestCaseManagementSettings) = postSolution
		CategoryFile = IndicatorsUI.vsmdi
	EndGlobalSection
EndGlobal
