
Microsoft Visual Studio Solution File, Format Version 12.00
# Visual Studio 14
VisualStudioVersion = 14.0.25420.1
MinimumVisualStudioVersion = 10.0.40219.1
Project("{FAE04EC0-301F-11D3-BF4B-00C04F79EFBC}") = "MainUI", "MainUI\MainUI.csproj", "{64358A8F-D044-46CE-BDF2-1BFA5AC5B3D6}"
EndProject
Project("{FAE04EC0-301F-11D3-BF4B-00C04F79EFBC}") = "ProfileData", "ProfileData\ProfileData.csproj", "{DB5CE84B-BE14-44BB-A83E-506FFDF58094}"
EndProject
Project("{FAE04EC0-301F-11D3-BF4B-00C04F79EFBC}") = "ProfileDataTest", "ProfileDataTest\ProfileDataTest.csproj", "{8891FD1F-87F2-4BB4-96AD-882AC147B58E}"
EndProject
Project("{FAE04EC0-301F-11D3-BF4B-00C04F79EFBC}") = "MainUITest", "MainUITest\MainUITest.csproj", "{C8255150-2FAD-439A-958B-B74EFBF44916}"
EndProject
Project("{FAE04EC0-301F-11D3-BF4B-00C04F79EFBC}") = "Search", "Search\Search.csproj", "{DACFBCED-DD56-4418-A17C-5542D36030F1}"
EndProject
Project("{FAE04EC0-301F-11D3-BF4B-00C04F79EFBC}") = "SearchTest", "SearchTest\SearchTest.csproj", "{95175C0E-CD5D-4E1B-9B9D-553B3EA75A5D}"
EndProject
Project("{FAE04EC0-301F-11D3-BF4B-00C04F79EFBC}") = "MainUISeleniumTest", "MainUISeleniumTest\MainUISeleniumTest.csproj", "{C74E8C47-7D79-4236-B578-F4A01229E99C}"
EndProject
Project("{2150E333-8FDC-42A3-9474-1A3956D46DE8}") = "4 Tests", "4 Tests", "{0B23E446-D260-4219-BA8F-47F98E1DF4F9}"
EndProject
Project("{2150E333-8FDC-42A3-9474-1A3956D46DE8}") = "1 Presentation", "1 Presentation", "{479B4F63-A212-4F35-A4AE-45884C4CFF25}"
EndProject
Project("{2150E333-8FDC-42A3-9474-1A3956D46DE8}") = "2 Services", "2 Services", "{D211A6C7-47FF-41EB-A3C0-1B8E97909207}"
EndProject
Project("{2150E333-8FDC-42A3-9474-1A3956D46DE8}") = "3 Data Access", "3 Data Access", "{ED0CECE6-3FAF-46E1-967C-C289C9387506}"
EndProject
Global
	GlobalSection(SolutionConfigurationPlatforms) = preSolution
		Debug|Any CPU = Debug|Any CPU
		Release|Any CPU = Release|Any CPU
	EndGlobalSection
	GlobalSection(ProjectConfigurationPlatforms) = postSolution
		{64358A8F-D044-46CE-BDF2-1BFA5AC5B3D6}.Debug|Any CPU.ActiveCfg = Debug|Any CPU
		{64358A8F-D044-46CE-BDF2-1BFA5AC5B3D6}.Debug|Any CPU.Build.0 = Debug|Any CPU
		{64358A8F-D044-46CE-BDF2-1BFA5AC5B3D6}.Release|Any CPU.ActiveCfg = Release|Any CPU
		{64358A8F-D044-46CE-BDF2-1BFA5AC5B3D6}.Release|Any CPU.Build.0 = Release|Any CPU
		{DB5CE84B-BE14-44BB-A83E-506FFDF58094}.Debug|Any CPU.ActiveCfg = Debug|Any CPU
		{DB5CE84B-BE14-44BB-A83E-506FFDF58094}.Debug|Any CPU.Build.0 = Debug|Any CPU
		{DB5CE84B-BE14-44BB-A83E-506FFDF58094}.Release|Any CPU.ActiveCfg = Release|Any CPU
		{DB5CE84B-BE14-44BB-A83E-506FFDF58094}.Release|Any CPU.Build.0 = Release|Any CPU
		{8891FD1F-87F2-4BB4-96AD-882AC147B58E}.Debug|Any CPU.ActiveCfg = Debug|Any CPU
		{8891FD1F-87F2-4BB4-96AD-882AC147B58E}.Debug|Any CPU.Build.0 = Debug|Any CPU
		{8891FD1F-87F2-4BB4-96AD-882AC147B58E}.Release|Any CPU.ActiveCfg = Release|Any CPU
		{8891FD1F-87F2-4BB4-96AD-882AC147B58E}.Release|Any CPU.Build.0 = Release|Any CPU
		{C8255150-2FAD-439A-958B-B74EFBF44916}.Debug|Any CPU.ActiveCfg = Debug|Any CPU
		{C8255150-2FAD-439A-958B-B74EFBF44916}.Debug|Any CPU.Build.0 = Debug|Any CPU
		{C8255150-2FAD-439A-958B-B74EFBF44916}.Release|Any CPU.ActiveCfg = Release|Any CPU
		{C8255150-2FAD-439A-958B-B74EFBF44916}.Release|Any CPU.Build.0 = Release|Any CPU
		{DACFBCED-DD56-4418-A17C-5542D36030F1}.Debug|Any CPU.ActiveCfg = Debug|Any CPU
		{DACFBCED-DD56-4418-A17C-5542D36030F1}.Debug|Any CPU.Build.0 = Debug|Any CPU
		{DACFBCED-DD56-4418-A17C-5542D36030F1}.Release|Any CPU.ActiveCfg = Release|Any CPU
		{DACFBCED-DD56-4418-A17C-5542D36030F1}.Release|Any CPU.Build.0 = Release|Any CPU
		{95175C0E-CD5D-4E1B-9B9D-553B3EA75A5D}.Debug|Any CPU.ActiveCfg = Debug|Any CPU
		{95175C0E-CD5D-4E1B-9B9D-553B3EA75A5D}.Debug|Any CPU.Build.0 = Debug|Any CPU
		{95175C0E-CD5D-4E1B-9B9D-553B3EA75A5D}.Release|Any CPU.ActiveCfg = Release|Any CPU
		{95175C0E-CD5D-4E1B-9B9D-553B3EA75A5D}.Release|Any CPU.Build.0 = Release|Any CPU
		{C74E8C47-7D79-4236-B578-F4A01229E99C}.Debug|Any CPU.ActiveCfg = Debug|Any CPU
		{C74E8C47-7D79-4236-B578-F4A01229E99C}.Debug|Any CPU.Build.0 = Debug|Any CPU
		{C74E8C47-7D79-4236-B578-F4A01229E99C}.Release|Any CPU.ActiveCfg = Release|Any CPU
		{C74E8C47-7D79-4236-B578-F4A01229E99C}.Release|Any CPU.Build.0 = Release|Any CPU
	EndGlobalSection
	GlobalSection(SolutionProperties) = preSolution
		HideSolutionNode = FALSE
	EndGlobalSection
	GlobalSection(NestedProjects) = preSolution
		{64358A8F-D044-46CE-BDF2-1BFA5AC5B3D6} = {479B4F63-A212-4F35-A4AE-45884C4CFF25}
		{DB5CE84B-BE14-44BB-A83E-506FFDF58094} = {ED0CECE6-3FAF-46E1-967C-C289C9387506}
		{8891FD1F-87F2-4BB4-96AD-882AC147B58E} = {0B23E446-D260-4219-BA8F-47F98E1DF4F9}
		{C8255150-2FAD-439A-958B-B74EFBF44916} = {0B23E446-D260-4219-BA8F-47F98E1DF4F9}
		{DACFBCED-DD56-4418-A17C-5542D36030F1} = {D211A6C7-47FF-41EB-A3C0-1B8E97909207}
		{95175C0E-CD5D-4E1B-9B9D-553B3EA75A5D} = {0B23E446-D260-4219-BA8F-47F98E1DF4F9}
		{C74E8C47-7D79-4236-B578-F4A01229E99C} = {0B23E446-D260-4219-BA8F-47F98E1DF4F9}
	EndGlobalSection
	GlobalSection(TestCaseManagementSettings) = postSolution
		CategoryFile = FingertipsProfileManager.vsmdi
	EndGlobalSection
EndGlobal
